
Microsoft Visual Studio Solution File, Format Version 12.00
# Visual Studio Version 16
VisualStudioVersion = 16.0.31624.102
MinimumVisualStudioVersion = 10.0.40219.1
Project("{8BC9CEB8-8B4A-11D0-8D11-00A0C91BC942}") = "WinAPI_restudy", "WinAPI_restudy\WinAPI_restudy.vcxproj", "{F92856BD-3C75-42EC-B939-95F22A02AF0B}"
EndProject
Global
	GlobalSection(SolutionConfigurationPlatforms) = preSolution
		Debug|x64 = Debug|x64
		Debug|x86 = Debug|x86
		Release|x64 = Release|x64
		Release|x86 = Release|x86
	EndGlobalSection
	GlobalSection(ProjectConfigurationPlatforms) = postSolution
		{F92856BD-3C75-42EC-B939-95F22A02AF0B}.Debug|x64.ActiveCfg = Debug|x64
		{F92856BD-3C75-42EC-B939-95F22A02AF0B}.Debug|x64.Build.0 = Debug|x64
		{F92856BD-3C75-42EC-B939-95F22A02AF0B}.Debug|x86.ActiveCfg = Debug|Win32
		{F92856BD-3C75-42EC-B939-95F22A02AF0B}.Debug|x86.Build.0 = Debug|Win32
		{F92856BD-3C75-42EC-B939-95F22A02AF0B}.Release|x64.ActiveCfg = Release|x64
		{F92856BD-3C75-42EC-B939-95F22A02AF0B}.Release|x64.Build.0 = Release|x64
		{F92856BD-3C75-42EC-B939-95F22A02AF0B}.Release|x86.ActiveCfg = Release|Win32
		{F92856BD-3C75-42EC-B939-95F22A02AF0B}.Release|x86.Build.0 = Release|Win32
	EndGlobalSection
	GlobalSection(SolutionProperties) = preSolution
		HideSolutionNode = FALSE
	EndGlobalSection
	GlobalSection(ExtensibilityGlobals) = postSolution
		SolutionGuid = {420F147C-6DA2-4DB3-84FA-559F81B53723}
	EndGlobalSection
EndGlobal
